
Microsoft Visual Studio Solution File, Format Version 12.00
# Visual Studio Version 17
VisualStudioVersion = 17.5.33530.505
MinimumVisualStudioVersion = 10.0.40219.1
Project("{FAE04EC0-301F-11D3-BF4B-00C04F79EFBC}") = "WindowsFormsApp1", "WindowsFormsApp1\WindowsFormsApp1.csproj", "{4EE9175A-55FD-4C61-AAF6-D1F355019F89}"
EndProject
Global
	GlobalSection(SolutionConfigurationPlatforms) = preSolution
		Debug|Any CPU = Debug|Any CPU
		Release|Any CPU = Release|Any CPU
	EndGlobalSection
	GlobalSection(ProjectConfigurationPlatforms) = postSolution
		{4EE9175A-55FD-4C61-AAF6-D1F355019F89}.Debug|Any CPU.ActiveCfg = Debug|Any CPU
		{4EE9175A-55FD-4C61-AAF6-D1F355019F89}.Debug|Any CPU.Build.0 = Debug|Any CPU
		{4EE9175A-55FD-4C61-AAF6-D1F355019F89}.Release|Any CPU.ActiveCfg = Release|Any CPU
		{4EE9175A-55FD-4C61-AAF6-D1F355019F89}.Release|Any CPU.Build.0 = Release|Any CPU
	EndGlobalSection
	GlobalSection(SolutionProperties) = preSolution
		HideSolutionNode = FALSE
	EndGlobalSection
	GlobalSection(ExtensibilityGlobals) = postSolution
		SolutionGuid = {5C9B1B7C-B67B-495E-8A72-D06497D195E9}
	EndGlobalSection
EndGlobal
