
Microsoft Visual Studio Solution File, Format Version 12.00
# Visual Studio Version 16
VisualStudioVersion = 16.0.29613.14
MinimumVisualStudioVersion = 10.0.40219.1
Project("{FAE04EC0-301F-11D3-BF4B-00C04F79EFBC}") = "GUI", "GUI\GUI.csproj", "{DDB49920-97EE-4C70-9805-5BDC7F777C49}"
EndProject
Global
	GlobalSection(SolutionConfigurationPlatforms) = preSolution
		Debug|Any CPU = Debug|Any CPU
		Release|Any CPU = Release|Any CPU
	EndGlobalSection
	GlobalSection(ProjectConfigurationPlatforms) = postSolution
		{DDB49920-97EE-4C70-9805-5BDC7F777C49}.Debug|Any CPU.ActiveCfg = Debug|Any CPU
		{DDB49920-97EE-4C70-9805-5BDC7F777C49}.Debug|Any CPU.Build.0 = Debug|Any CPU
		{DDB49920-97EE-4C70-9805-5BDC7F777C49}.Release|Any CPU.ActiveCfg = Release|Any CPU
		{DDB49920-97EE-4C70-9805-5BDC7F777C49}.Release|Any CPU.Build.0 = Release|Any CPU
	EndGlobalSection
	GlobalSection(SolutionProperties) = preSolution
		HideSolutionNode = FALSE
	EndGlobalSection
	GlobalSection(ExtensibilityGlobals) = postSolution
		SolutionGuid = {0F3DD73A-972B-426E-BC0A-2CB68A28CB5D}
	EndGlobalSection
EndGlobal
